
Microsoft Visual Studio Solution File, Format Version 12.00
# Visual Studio Version 17
VisualStudioVersion = 17.2.32505.173
MinimumVisualStudioVersion = 10.0.40219.1
Project("{9A19103F-16F7-4668-BE54-9A1E7A4F7556}") = "Business.Project.Demo", "Business.Project.Demo\Business.Project.Demo.csproj", "{3A13E1C4-AF36-49FC-9980-15ECF5D5E04B}"
EndProject
Project("{9A19103F-16F7-4668-BE54-9A1E7A4F7556}") = "PackageZhuiDianDemo", "PackageZhuiDianDemo\PackageZhuiDianDemo.csproj", "{4969DEA4-9F18-4F45-976F-42D3936BDDB3}"
EndProject
Project("{FAE04EC0-301F-11D3-BF4B-00C04F79EFBC}") = "TestProject1", "TestProject1\TestProject1.csproj", "{BCC5691C-FF48-4FD0-B1C0-C0B1763DE69B}"
EndProject
Global
	GlobalSection(SolutionConfigurationPlatforms) = preSolution
		Debug|Any CPU = Debug|Any CPU
		Release|Any CPU = Release|Any CPU
	EndGlobalSection
	GlobalSection(ProjectConfigurationPlatforms) = postSolution
		{3A13E1C4-AF36-49FC-9980-15ECF5D5E04B}.Debug|Any CPU.ActiveCfg = Debug|Any CPU
		{3A13E1C4-AF36-49FC-9980-15ECF5D5E04B}.Debug|Any CPU.Build.0 = Debug|Any CPU
		{3A13E1C4-AF36-49FC-9980-15ECF5D5E04B}.Release|Any CPU.ActiveCfg = Release|Any CPU
		{3A13E1C4-AF36-49FC-9980-15ECF5D5E04B}.Release|Any CPU.Build.0 = Release|Any CPU
		{4969DEA4-9F18-4F45-976F-42D3936BDDB3}.Debug|Any CPU.ActiveCfg = Debug|Any CPU
		{4969DEA4-9F18-4F45-976F-42D3936BDDB3}.Debug|Any CPU.Build.0 = Debug|Any CPU
		{4969DEA4-9F18-4F45-976F-42D3936BDDB3}.Release|Any CPU.ActiveCfg = Release|Any CPU
		{4969DEA4-9F18-4F45-976F-42D3936BDDB3}.Release|Any CPU.Build.0 = Release|Any CPU
		{BCC5691C-FF48-4FD0-B1C0-C0B1763DE69B}.Debug|Any CPU.ActiveCfg = Debug|Any CPU
		{BCC5691C-FF48-4FD0-B1C0-C0B1763DE69B}.Debug|Any CPU.Build.0 = Debug|Any CPU
		{BCC5691C-FF48-4FD0-B1C0-C0B1763DE69B}.Release|Any CPU.ActiveCfg = Release|Any CPU
		{BCC5691C-FF48-4FD0-B1C0-C0B1763DE69B}.Release|Any CPU.Build.0 = Release|Any CPU
	EndGlobalSection
	GlobalSection(SolutionProperties) = preSolution
		HideSolutionNode = FALSE
	EndGlobalSection
	GlobalSection(ExtensibilityGlobals) = postSolution
		SolutionGuid = {E947D6A5-24FF-4483-B3A0-ABC1FF721325}
	EndGlobalSection
EndGlobal
